
Microsoft Visual Studio Solution File, Format Version 12.00
# Visual Studio Version 17
VisualStudioVersion = 17.14.36518.9 d17.14
MinimumVisualStudioVersion = 10.0.40219.1
Project("{FAE04EC0-301F-11D3-BF4B-00C04F79EFBC}") = "Food App Bill Interface", "Food App Bill Interface.csproj", "{3DCED35B-8E86-4145-A4C3-6B91E87F8E58}"
EndProject
Global
	GlobalSection(SolutionConfigurationPlatforms) = preSolution
		Debug|Any CPU = Debug|Any CPU
		Release|Any CPU = Release|Any CPU
	EndGlobalSection
	GlobalSection(ProjectConfigurationPlatforms) = postSolution
		{3DCED35B-8E86-4145-A4C3-6B91E87F8E58}.Debug|Any CPU.ActiveCfg = Debug|Any CPU
		{3DCED35B-8E86-4145-A4C3-6B91E87F8E58}.Debug|Any CPU.Build.0 = Debug|Any CPU
		{3DCED35B-8E86-4145-A4C3-6B91E87F8E58}.Release|Any CPU.ActiveCfg = Release|Any CPU
		{3DCED35B-8E86-4145-A4C3-6B91E87F8E58}.Release|Any CPU.Build.0 = Release|Any CPU
	EndGlobalSection
	GlobalSection(SolutionProperties) = preSolution
		HideSolutionNode = FALSE
	EndGlobalSection
	GlobalSection(ExtensibilityGlobals) = postSolution
		SolutionGuid = {8C1EBF31-785D-4324-942A-6E46D3FA3F43}
	EndGlobalSection
EndGlobal
